# This file is automatically @generated by Cargo.
# It is not intended for manual editing.
version = 3

[[package]]
name = "omit"
version = "0.1.0"
dependencies = [
 "soft-aes",
]

[[package]]
name = "soft-aes"
version = "0.2.2"
source = "registry+https://github.com/rust-lang/crates.io-index"
checksum = "04f569f976fd0c5ce86213459342e393a1d5c8b03b2252b23367df4f71ca4820"
